PODS:
  - Flutter (1.0.0)
  - home_widget (0.0.1):
    - Flutter

DEPENDENCIES:
  - Flutter (from `Flutter`)
  - home_widget (from `.symlinks/plugins/home_widget/ios`)

EXTERNAL SOURCES:
  Flutter:
    :path: Flutter
  home_widget:
    :path: ".symlinks/plugins/home_widget/ios"

SPEC CHECKSUMS:
  Flutter: cabc95a1d2626b1b06e7179b784ebcf0c0cde467
  home_widget: 0434835a4c9a75704264feff6be17ea40e0f0d57

PODFILE CHECKSUM: 9c46fd01abff66081b39f5fa5767b3f1d0b11d76

COCOAPODS: 1.16.2
